// !$*UTF8*$!
{
	archiveVersion = 1;
	classes = {
	};
	objectVersion = 56;
	objects = {

/* Begin PBXBuildFile section */
		A8AB73942AC933CF00AD7EE3 /* Member.swift in Sources */ = {isa = PBXBuildFile; fileRef = A8AB73932AC933CF00AD7EE3 /* Member.swift */; };
		A8AB73962AC935AF00AD7EE3 /* SQL.swift in Sources */ = {isa = PBXBuildFile; fileRef = A8AB73952AC935AF00AD7EE3 /* SQL.swift */; };
		A8B1CCA52AB7375200EB45B2 /* iThomeAppApp.swift in Sources */ = {isa = PBXBuildFile; fileRef = A8B1CCA42AB7375200EB45B2 /* iThomeAppApp.swift */; };
		A8B1CCA72AB7375200EB45B2 /* ContentView.swift in Sources */ = {isa = PBXBuildFile; fileRef = A8B1CCA62AB7375200EB45B2 /* ContentView.swift */; };
		A8B1CCA92AB7375300EB45B2 /* Assets.xcassets in Resources */ = {isa = PBXBuildFile; fileRef = A8B1CCA82AB7375300EB45B2 /* Assets.xcassets */; };
		A8B1CCAC2AB7375300EB45B2 /* Preview Assets.xcassets in Resources */ = {isa = PBXBuildFile; fileRef = A8B1CCAB2AB7375300EB45B2 /* Preview Assets.xcassets */; };
		A8B9E3FB2ACE4FFE00039BBD /* Sworm in Frameworks */ = {isa = PBXBuildFile; productRef = A8B9E3FA2ACE4FFE00039BBD /* Sworm */; };
		A8B9E4052AD03AE700039BBD /* DepedencyInjector.swift in Sources */ = {isa = PBXBuildFile; fileRef = A8B9E4042AD03AE700039BBD /* DepedencyInjector.swift */; };
		A8B9E4072AD03AF200039BBD /* AppState.swift in Sources */ = {isa = PBXBuildFile; fileRef = A8B9E4062AD03AF200039BBD /* AppState.swift */; };
		A8B9E40A2AD03B1000039BBD /* Interactor.swift in Sources */ = {isa = PBXBuildFile; fileRef = A8B9E4092AD03B1000039BBD /* Interactor.swift */; };
		A8EA90C02AC9275E009EE153 /* SQLite in Frameworks */ = {isa = PBXBuildFile; productRef = A8EA90BF2AC9275E009EE153 /* SQLite */; };
/* End PBXBuildFile section */

/* Begin PBXFileReference section */
		A8AB73932AC933CF00AD7EE3 /* Member.swift */ = {isa = PBXFileReference; lastKnownFileType = sourcecode.swift; path = Member.swift; sourceTree = "<group>"; };
		A8AB73952AC935AF00AD7EE3 /* SQL.swift */ = {isa = PBXFileReference; lastKnownFileType = sourcecode.swift; path = SQL.swift; sourceTree = "<group>"; };
		A8B1CCA12AB7375200EB45B2 /* iThomeApp.app */ = {isa = PBXFileReference; explicitFileType = wrapper.application; includeInIndex = 0; path = iThomeApp.app; sourceTree = BUILT_PRODUCTS_DIR; };
		A8B1CCA42AB7375200EB45B2 /* iThomeAppApp.swift */ = {isa = PBXFileReference; lastKnownFileType = sourcecode.swift; path = iThomeAppApp.swift; sourceTree = "<group>"; };
		A8B1CCA62AB7375200EB45B2 /* ContentView.swift */ = {isa = PBXFileReference; lastKnownFileType = sourcecode.swift; path = ContentView.swift; sourceTree = "<group>"; };
		A8B1CCA82AB7375300EB45B2 /* Assets.xcassets */ = {isa = PBXFileReference; lastKnownFileType = folder.assetcatalog; path = Assets.xcassets; sourceTree = "<group>"; };
		A8B1CCAB2AB7375300EB45B2 /* Preview Assets.xcassets */ = {isa = PBXFileReference; lastKnownFileType = folder.assetcatalog; path = "Preview Assets.xcassets"; sourceTree = "<group>"; };
		A8B9E4042AD03AE700039BBD /* DepedencyInjector.swift */ = {isa = PBXFileReference; lastKnownFileType = sourcecode.swift; path = DepedencyInjector.swift; sourceTree = "<group>"; };
		A8B9E4062AD03AF200039BBD /* AppState.swift */ = {isa = PBXFileReference; lastKnownFileType = sourcecode.swift; path = AppState.swift; sourceTree = "<group>"; };
		A8B9E4092AD03B1000039BBD /* Interactor.swift */ = {isa = PBXFileReference; lastKnownFileType = sourcecode.swift; path = Interactor.swift; sourceTree = "<group>"; };
/* End PBXFileReference section */

/* Begin PBXFrameworksBuildPhase section */
		A8B1CC9E2AB7375200EB45B2 /* Frameworks */ = {
			isa = PBXFrameworksBuildPhase;
			buildActionMask = 2147483647;
			files = (
				A8EA90C02AC9275E009EE153 /* SQLite in Frameworks */,
				A8B9E3FB2ACE4FFE00039BBD /* Sworm in Frameworks */,
			);
			runOnlyForDeploymentPostprocessing = 0;
		};
/* End PBXFrameworksBuildPhase section */

/* Begin PBXGroup section */
		A8B1CC982AB7375200EB45B2 = {
			isa = PBXGroup;
			children = (
				A8B1CCA32AB7375200EB45B2 /* iThomeApp */,
				A8B1CCA22AB7375200EB45B2 /* Products */,
			);
			sourceTree = "<group>";
		};
		A8B1CCA22AB7375200EB45B2 /* Products */ = {
			isa = PBXGroup;
			children = (
				A8B1CCA12AB7375200EB45B2 /* iThomeApp.app */,
			);
			name = Products;
			sourceTree = "<group>";
		};
		A8B1CCA32AB7375200EB45B2 /* iThomeApp */ = {
			isa = PBXGroup;
			children = (
				A8B9E4022AD03A7F00039BBD /* UI */,
				A8B9E3FC2AD03A5400039BBD /* Internal */,
				A8B1CCA82AB7375300EB45B2 /* Assets.xcassets */,
				A8B1CCAA2AB7375300EB45B2 /* Preview Content */,
			);
			path = iThomeApp;
			sourceTree = "<group>";
		};
		A8B1CCAA2AB7375300EB45B2 /* Preview Content */ = {
			isa = PBXGroup;
			children = (
				A8B1CCAB2AB7375300EB45B2 /* Preview Assets.xcassets */,
			);
			path = "Preview Content";
			sourceTree = "<group>";
		};
		A8B9E3FC2AD03A5400039BBD /* Internal */ = {
			isa = PBXGroup;
			children = (
				A8B9E3FD2AD03A5A00039BBD /* Model */,
				A8B9E4012AD03A6E00039BBD /* System */,
				A8B9E4082AD03AFA00039BBD /* AppState */,
				A8B9E3FF2AD03A6500039BBD /* Interactor */,
				A8B9E3FE2AD03A6000039BBD /* Repository */,
				A8B9E4032AD03AC100039BBD /* Util */,
			);
			path = Internal;
			sourceTree = "<group>";
		};
		A8B9E3FD2AD03A5A00039BBD /* Model */ = {
			isa = PBXGroup;
			children = (
				A8AB73932AC933CF00AD7EE3 /* Member.swift */,
			);
			path = Model;
			sourceTree = "<group>";
		};
		A8B9E3FE2AD03A6000039BBD /* Repository */ = {
			isa = PBXGroup;
			children = (
				A8AB73952AC935AF00AD7EE3 /* SQL.swift */,
			);
			path = Repository;
			sourceTree = "<group>";
		};
		A8B9E3FF2AD03A6500039BBD /* Interactor */ = {
			isa = PBXGroup;
			children = (
				A8B9E4092AD03B1000039BBD /* Interactor.swift */,
			);
			path = Interactor;
			sourceTree = "<group>";
		};
		A8B9E4012AD03A6E00039BBD /* System */ = {
			isa = PBXGroup;
			children = (
				A8B9E4042AD03AE700039BBD /* DepedencyInjector.swift */,
			);
			path = System;
			sourceTree = "<group>";
		};
		A8B9E4022AD03A7F00039BBD /* UI */ = {
			isa = PBXGroup;
			children = (
				A8B1CCA42AB7375200EB45B2 /* iThomeAppApp.swift */,
				A8B1CCA62AB7375200EB45B2 /* ContentView.swift */,
			);
			path = UI;
			sourceTree = "<group>";
		};
		A8B9E4032AD03AC100039BBD /* Util */ = {
			isa = PBXGroup;
			children = (
			);
			path = Util;
			sourceTree = "<group>";
		};
		A8B9E4082AD03AFA00039BBD /* AppState */ = {
			isa = PBXGroup;
			children = (
				A8B9E4062AD03AF200039BBD /* AppState.swift */,
			);
			path = AppState;
			sourceTree = "<group>";
		};
/* End PBXGroup section */

/* Begin PBXNativeTarget section */
		A8B1CCA02AB7375200EB45B2 /* iThomeApp */ = {
			isa = PBXNativeTarget;
			buildConfigurationList = A8B1CCAF2AB7375300EB45B2 /* Build configuration list for PBXNativeTarget "iThomeApp" */;
			buildPhases = (
				A8B1CC9D2AB7375200EB45B2 /* Sources */,
				A8B1CC9E2AB7375200EB45B2 /* Frameworks */,
				A8B1CC9F2AB7375200EB45B2 /* Resources */,
			);
			buildRules = (
			);
			dependencies = (
			);
			name = iThomeApp;
			packageProductDependencies = (
				A8EA90BF2AC9275E009EE153 /* SQLite */,
				A8B9E3FA2ACE4FFE00039BBD /* Sworm */,
			);
			productName = iThomeApp;
			productReference = A8B1CCA12AB7375200EB45B2 /* iThomeApp.app */;
			productType = "com.apple.product-type.application";
		};
/* End PBXNativeTarget section */

/* Begin PBXProject section */
		A8B1CC992AB7375200EB45B2 /* Project object */ = {
			isa = PBXProject;
			attributes = {
				BuildIndependentTargetsInParallel = 1;
				LastSwiftUpdateCheck = 1430;
				LastUpgradeCheck = 1430;
				TargetAttributes = {
					A8B1CCA02AB7375200EB45B2 = {
						CreatedOnToolsVersion = 14.3.1;
					};
				};
			};
			buildConfigurationList = A8B1CC9C2AB7375200EB45B2 /* Build configuration list for PBXProject "iThomeApp" */;
			compatibilityVersion = "Xcode 14.0";
			developmentRegion = en;
			hasScannedForEncodings = 0;
			knownRegions = (
				en,
				Base,
			);
			mainGroup = A8B1CC982AB7375200EB45B2;
			packageReferences = (
				A8EA90BE2AC9275E009EE153 /* XCRemoteSwiftPackageReference "SQLite" */,
				A8B9E3F92ACE4FFE00039BBD /* XCRemoteSwiftPackageReference "Sworm" */,
			);
			productRefGroup = A8B1CCA22AB7375200EB45B2 /* Products */;
			projectDirPath = "";
			projectRoot = "";
			targets = (
				A8B1CCA02AB7375200EB45B2 /* iThomeApp */,
			);
		};
/* End PBXProject section */

/* Begin PBXResourcesBuildPhase section */
		A8B1CC9F2AB7375200EB45B2 /* Resources */ = {
			isa = PBXResourcesBuildPhase;
			buildActionMask = 2147483647;
			files = (
				A8B1CCAC2AB7375300EB45B2 /* Preview Assets.xcassets in Resources */,
				A8B1CCA92AB7375300EB45B2 /* Assets.xcassets in Resources */,
			);
			runOnlyForDeploymentPostprocessing = 0;
		};
/* End PBXResourcesBuildPhase section */

/* Begin PBXSourcesBuildPhase section */
		A8B1CC9D2AB7375200EB45B2 /* Sources */ = {
			isa = PBXSourcesBuildPhase;
			buildActionMask = 2147483647;
			files = (
				A8AB73962AC935AF00AD7EE3 /* SQL.swift in Sources */,
				A8B1CCA72AB7375200EB45B2 /* ContentView.swift in Sources */,
				A8B1CCA52AB7375200EB45B2 /* iThomeAppApp.swift in Sources */,
				A8B9E4072AD03AF200039BBD /* AppState.swift in Sources */,
				A8B9E4052AD03AE700039BBD /* DepedencyInjector.swift in Sources */,
				A8B9E40A2AD03B1000039BBD /* Interactor.swift in Sources */,
				A8AB73942AC933CF00AD7EE3 /* Member.swift in Sources */,
			);
			runOnlyForDeploymentPostprocessing = 0;
		};
/* End PBXSourcesBuildPhase section */

/* Begin XCBuildConfiguration section */
		A8B1CCAD2AB7375300EB45B2 /* Debug */ = {
			isa = XCBuildConfiguration;
			buildSettings = {
				ALWAYS_SEARCH_USER_PATHS = NO;
				CLANG_ANALYZER_NONNULL = YES;
				CLANG_ANALYZER_NUMBER_OBJECT_CONVERSION = YES_AGGRESSIVE;
				CLANG_CXX_LANGUAGE_STANDARD = "gnu++20";
				CLANG_ENABLE_MODULES = YES;
				CLANG_ENABLE_OBJC_ARC = YES;
				CLANG_ENABLE_OBJC_WEAK = YES;
				CLANG_WARN_BLOCK_CAPTURE_AUTORELEASING = YES;
				CLANG_WARN_BOOL_CONVERSION = YES;
				CLANG_WARN_COMMA = YES;
				CLANG_WARN_CONSTANT_CONVERSION = YES;
				CLANG_WARN_DEPRECATED_OBJC_IMPLEMENTATIONS = YES;
				CLANG_WARN_DIRECT_OBJC_ISA_USAGE = YES_ERROR;
				CLANG_WARN_DOCUMENTATION_COMMENTS = YES;
				CLANG_WARN_EMPTY_BODY = YES;
				CLANG_WARN_ENUM_CONVERSION = YES;
				CLANG_WARN_INFINITE_RECURSION = YES;
				CLANG_WARN_INT_CONVERSION = YES;
				CLANG_WARN_NON_LITERAL_NULL_CONVERSION = YES;
				CLANG_WARN_OBJC_IMPLICIT_RETAIN_SELF = YES;
				CLANG_WARN_OBJC_LITERAL_CONVERSION = YES;
				CLANG_WARN_OBJC_ROOT_CLASS = YES_ERROR;
				CLANG_WARN_QUOTED_INCLUDE_IN_FRAMEWORK_HEADER = YES;
				CLANG_WARN_RANGE_LOOP_ANALYSIS = YES;
				CLANG_WARN_STRICT_PROTOTYPES = YES;
				CLANG_WARN_SUSPICIOUS_MOVE = YES;
				CLANG_WARN_UNGUARDED_AVAILABILITY = YES_AGGRESSIVE;
				CLANG_WARN_UNREACHABLE_CODE = YES;
				CLANG_WARN__DUPLICATE_METHOD_MATCH = YES;
				COPY_PHASE_STRIP = NO;
				DEBUG_INFORMATION_FORMAT = dwarf;
				ENABLE_STRICT_OBJC_MSGSEND = YES;
				ENABLE_TESTABILITY = YES;
				GCC_C_LANGUAGE_STANDARD = gnu11;
				GCC_DYNAMIC_NO_PIC = NO;
				GCC_NO_COMMON_BLOCKS = YES;
				GCC_OPTIMIZATION_LEVEL = 0;
				GCC_PREPROCESSOR_DEFINITIONS = (
					"DEBUG=1",
					"$(inherited)",
				);
				GCC_WARN_64_TO_32_BIT_CONVERSION = YES;
				GCC_WARN_ABOUT_RETURN_TYPE = YES_ERROR;
				GCC_WARN_UNDECLARED_SELECTOR = YES;
				GCC_WARN_UNINITIALIZED_AUTOS = YES_AGGRESSIVE;
				GCC_WARN_UNUSED_FUNCTION = YES;
				GCC_WARN_UNUSED_VARIABLE = YES;
				IPHONEOS_DEPLOYMENT_TARGET = 16.4;
				MTL_ENABLE_DEBUG_INFO = INCLUDE_SOURCE;
				MTL_FAST_MATH = YES;
				ONLY_ACTIVE_ARCH = YES;
				SDKROOT = iphoneos;
				SWIFT_ACTIVE_COMPILATION_CONDITIONS = DEBUG;
				SWIFT_OPTIMIZATION_LEVEL = "-Onone";
			};
			name = Debug;
		};
		A8B1CCAE2AB7375300EB45B2 /* Release */ = {
			isa = XCBuildConfiguration;
			buildSettings = {
				ALWAYS_SEARCH_USER_PATHS = NO;
				CLANG_ANALYZER_NONNULL = YES;
				CLANG_ANALYZER_NUMBER_OBJECT_CONVERSION = YES_AGGRESSIVE;
				CLANG_CXX_LANGUAGE_STANDARD = "gnu++20";
				CLANG_ENABLE_MODULES = YES;
				CLANG_ENABLE_OBJC_ARC = YES;
				CLANG_ENABLE_OBJC_WEAK = YES;
				CLANG_WARN_BLOCK_CAPTURE_AUTORELEASING = YES;
				CLANG_WARN_BOOL_CONVERSION = YES;
				CLANG_WARN_COMMA = YES;
				CLANG_WARN_CONSTANT_CONVERSION = YES;
				CLANG_WARN_DEPRECATED_OBJC_IMPLEMENTATIONS = YES;
				CLANG_WARN_DIRECT_OBJC_ISA_USAGE = YES_ERROR;
				CLANG_WARN_DOCUMENTATION_COMMENTS = YES;
				CLANG_WARN_EMPTY_BODY = YES;
				CLANG_WARN_ENUM_CONVERSION = YES;
				CLANG_WARN_INFINITE_RECURSION = YES;
				CLANG_WARN_INT_CONVERSION = YES;
				CLANG_WARN_NON_LITERAL_NULL_CONVERSION = YES;
				CLANG_WARN_OBJC_IMPLICIT_RETAIN_SELF = YES;
				CLANG_WARN_OBJC_LITERAL_CONVERSION = YES;
				CLANG_WARN_OBJC_ROOT_CLASS = YES_ERROR;
				CLANG_WARN_QUOTED_INCLUDE_IN_FRAMEWORK_HEADER = YES;
				CLANG_WARN_RANGE_LOOP_ANALYSIS = YES;
				CLANG_WARN_STRICT_PROTOTYPES = YES;
				CLANG_WARN_SUSPICIOUS_MOVE = YES;
				CLANG_WARN_UNGUARDED_AVAILABILITY = YES_AGGRESSIVE;
				CLANG_WARN_UNREACHABLE_CODE = YES;
				CLANG_WARN__DUPLICATE_METHOD_MATCH = YES;
				COPY_PHASE_STRIP = NO;
				DEBUG_INFORMATION_FORMAT = "dwarf-with-dsym";
				ENABLE_NS_ASSERTIONS = NO;
				ENABLE_STRICT_OBJC_MSGSEND = YES;
				GCC_C_LANGUAGE_STANDARD = gnu11;
				GCC_NO_COMMON_BLOCKS = YES;
				GCC_WARN_64_TO_32_BIT_CONVERSION = YES;
				GCC_WARN_ABOUT_RETURN_TYPE = YES_ERROR;
				GCC_WARN_UNDECLARED_SELECTOR = YES;
				GCC_WARN_UNINITIALIZED_AUTOS = YES_AGGRESSIVE;
				GCC_WARN_UNUSED_FUNCTION = YES;
				GCC_WARN_UNUSED_VARIABLE = YES;
				IPHONEOS_DEPLOYMENT_TARGET = 16.4;
				MTL_ENABLE_DEBUG_INFO = NO;
				MTL_FAST_MATH = YES;
				SDKROOT = iphoneos;
				SWIFT_COMPILATION_MODE = wholemodule;
				SWIFT_OPTIMIZATION_LEVEL = "-O";
				VALIDATE_PRODUCT = YES;
			};
			name = Release;
		};
		A8B1CCB02AB7375300EB45B2 /* Debug */ = {
			isa = XCBuildConfiguration;
			buildSettings = {
				ASSETCATALOG_COMPILER_APPICON_NAME = AppIcon;
				ASSETCATALOG_COMPILER_GLOBAL_ACCENT_COLOR_NAME = AccentColor;
				CODE_SIGN_STYLE = Automatic;
				CURRENT_PROJECT_VERSION = 1;
				DEVELOPMENT_ASSET_PATHS = "\"iThomeApp/Preview Content\"";
				DEVELOPMENT_TEAM = Y366CJ66L6;
				ENABLE_PREVIEWS = YES;
				GENERATE_INFOPLIST_FILE = YES;
				INFOPLIST_KEY_UIApplicationSceneManifest_Generation = YES;
				INFOPLIST_KEY_UIApplicationSupportsIndirectInputEvents = YES;
				INFOPLIST_KEY_UILaunchScreen_Generation = YES;
				INFOPLIST_KEY_UISupportedInterfaceOrientations_iPad = "UIInterfaceOrientationPortrait UIInterfaceOrientationPortraitUpsideDown UIInterfaceOrientationLandscapeLeft UIInterfaceOrientationLandscapeRight";
				INFOPLIST_KEY_UISupportedInterfaceOrientations_iPhone = "UIInterfaceOrientationPortrait UIInterfaceOrientationLandscapeLeft UIInterfaceOrientationLandscapeRight";
				LD_RUNPATH_SEARCH_PATHS = (
					"$(inherited)",
					"@executable_path/Frameworks",
				);
				MARKETING_VERSION = 1.0;
				PRODUCT_BUNDLE_IDENTIFIER = com.yanunyang.iThomeApp;
				PRODUCT_NAME = "$(TARGET_NAME)";
				SWIFT_EMIT_LOC_STRINGS = YES;
				SWIFT_VERSION = 5.0;
				TARGETED_DEVICE_FAMILY = "1,2";
			};
			name = Debug;
		};
		A8B1CCB12AB7375300EB45B2 /* Release */ = {
			isa = XCBuildConfiguration;
			buildSettings = {
				ASSETCATALOG_COMPILER_APPICON_NAME = AppIcon;
				ASSETCATALOG_COMPILER_GLOBAL_ACCENT_COLOR_NAME = AccentColor;
				CODE_SIGN_STYLE = Automatic;
				CURRENT_PROJECT_VERSION = 1;
				DEVELOPMENT_ASSET_PATHS = "\"iThomeApp/Preview Content\"";
				DEVELOPMENT_TEAM = Y366CJ66L6;
				ENABLE_PREVIEWS = YES;
				GENERATE_INFOPLIST_FILE = YES;
				INFOPLIST_KEY_UIApplicationSceneManifest_Generation = YES;
				INFOPLIST_KEY_UIApplicationSupportsIndirectInputEvents = YES;
				INFOPLIST_KEY_UILaunchScreen_Generation = YES;
				INFOPLIST_KEY_UISupportedInterfaceOrientations_iPad = "UIInterfaceOrientationPortrait UIInterfaceOrientationPortraitUpsideDown UIInterfaceOrientationLandscapeLeft UIInterfaceOrientationLandscapeRight";
				INFOPLIST_KEY_UISupportedInterfaceOrientations_iPhone = "UIInterfaceOrientationPortrait UIInterfaceOrientationLandscapeLeft UIInterfaceOrientationLandscapeRight";
				LD_RUNPATH_SEARCH_PATHS = (
					"$(inherited)",
					"@executable_path/Frameworks",
				);
				MARKETING_VERSION = 1.0;
				PRODUCT_BUNDLE_IDENTIFIER = com.yanunyang.iThomeApp;
				PRODUCT_NAME = "$(TARGET_NAME)";
				SWIFT_EMIT_LOC_STRINGS = YES;
				SWIFT_VERSION = 5.0;
				TARGETED_DEVICE_FAMILY = "1,2";
			};
			name = Release;
		};
/* End XCBuildConfiguration section */

/* Begin XCConfigurationList section */
		A8B1CC9C2AB7375200EB45B2 /* Build configuration list for PBXProject "iThomeApp" */ = {
			isa = XCConfigurationList;
			buildConfigurations = (
				A8B1CCAD2AB7375300EB45B2 /* Debug */,
				A8B1CCAE2AB7375300EB45B2 /* Release */,
			);
			defaultConfigurationIsVisible = 0;
			defaultConfigurationName = Release;
		};
		A8B1CCAF2AB7375300EB45B2 /* Build configuration list for PBXNativeTarget "iThomeApp" */ = {
			isa = XCConfigurationList;
			buildConfigurations = (
				A8B1CCB02AB7375300EB45B2 /* Debug */,
				A8B1CCB12AB7375300EB45B2 /* Release */,
			);
			defaultConfigurationIsVisible = 0;
			defaultConfigurationName = Release;
		};
/* End XCConfigurationList section */

/* Begin XCRemoteSwiftPackageReference section */
		A8B9E3F92ACE4FFE00039BBD /* XCRemoteSwiftPackageReference "Sworm" */ = {
			isa = XCRemoteSwiftPackageReference;
			repositoryURL = "https://github.com/yanun0323/Sworm";
			requirement = {
				kind = upToNextMajorVersion;
				minimumVersion = 0.1.4;
			};
		};
		A8EA90BE2AC9275E009EE153 /* XCRemoteSwiftPackageReference "SQLite" */ = {
			isa = XCRemoteSwiftPackageReference;
			repositoryURL = "https://github.com/stephencelis/SQLite.swift";
			requirement = {
				kind = upToNextMajorVersion;
				minimumVersion = 0.14.1;
			};
		};
/* End XCRemoteSwiftPackageReference section */

/* Begin XCSwiftPackageProductDependency section */
		A8B9E3FA2ACE4FFE00039BBD /* Sworm */ = {
			isa = XCSwiftPackageProductDependency;
			package = A8B9E3F92ACE4FFE00039BBD /* XCRemoteSwiftPackageReference "Sworm" */;
			productName = Sworm;
		};
		A8EA90BF2AC9275E009EE153 /* SQLite */ = {
			isa = XCSwiftPackageProductDependency;
			package = A8EA90BE2AC9275E009EE153 /* XCRemoteSwiftPackageReference "SQLite" */;
			productName = SQLite;
		};
/* End XCSwiftPackageProductDependency section */
	};
	rootObject = A8B1CC992AB7375200EB45B2 /* Project object */;
}
